{
  "name": "test",
  "version": "1.0.0",
  "lockfileVersion": 1,
  "requires": true,
  "dependencies": {
    "vant-weapp": {
      "version": "0.5.19",
      "resolved": "https://registry.npmjs.org/vant-weapp/-/vant-weapp-0.5.19.tgz",
      "integrity": "sha512-/ixRsmyPgghw7qFghC/uBih62SK/GJRWxhCvvbnRt/M9w7gCAGS73KPReaQ2vFSqmNqn50gqWb/IpSDP9pYxMQ=="
    },
    "wxa-plugin-canvas": {
      "version": "1.1.11",
      "resolved": "https://registry.npmjs.org/wxa-plugin-canvas/-/wxa-plugin-canvas-1.1.11.tgz",
      "integrity": "sha512-xcEVfJZJoFwaxKWB9tjcU+IzZ1hHkFGRXccddWya10EoGM4ljKh3yeKdheS6eTV8Xu37zciMUYXXINn6R2Km/g=="
    }
  }
}
